
Microsoft Visual Studio Solution File, Format Version 12.00
# Visual Studio Version 16
VisualStudioVersion = 16.0.30621.155
MinimumVisualStudioVersion = 10.0.40219.1
Project("{FAE04EC0-301F-11D3-BF4B-00C04F79EFBC}") = "encrypt-decript", "encrypt-decript\encrypt-decript.csproj", "{B6B496EF-5ACE-4A3A-B8A9-57AB8066EB01}"
EndProject
Global
	GlobalSection(SolutionConfigurationPlatforms) = preSolution
		Debug|Any CPU = Debug|Any CPU
		Release|Any CPU = Release|Any CPU
	EndGlobalSection
	GlobalSection(ProjectConfigurationPlatforms) = postSolution
		{B6B496EF-5ACE-4A3A-B8A9-57AB8066EB01}.Debug|Any CPU.ActiveCfg = Debug|Any CPU
		{B6B496EF-5ACE-4A3A-B8A9-57AB8066EB01}.Debug|Any CPU.Build.0 = Debug|Any CPU
		{B6B496EF-5ACE-4A3A-B8A9-57AB8066EB01}.Release|Any CPU.ActiveCfg = Release|Any CPU
		{B6B496EF-5ACE-4A3A-B8A9-57AB8066EB01}.Release|Any CPU.Build.0 = Release|Any CPU
	EndGlobalSection
	GlobalSection(SolutionProperties) = preSolution
		HideSolutionNode = FALSE
	EndGlobalSection
	GlobalSection(ExtensibilityGlobals) = postSolution
		SolutionGuid = {E37ED771-DCC9-4C5F-975E-12F829260902}
	EndGlobalSection
EndGlobal
